
Microsoft Visual Studio Solution File, Format Version 12.00
# Visual Studio Version 17
VisualStudioVersion = 17.0.31903.59
MinimumVisualStudioVersion = 10.0.40219.1
Project("{FAE04EC0-301F-11D3-BF4B-00C04F79EFBC}") = "BetterDecorator", "BetterDecorator\BetterDecorator.csproj", "{75CEA40B-272E-4493-B064-58FFEDA9FE14}"
EndProject
Project("{FAE04EC0-301F-11D3-BF4B-00C04F79EFBC}") = "Special", "Special\Special.csproj", "{049191A5-4201-4EB7-9479-1E31833DE17F}"
EndProject
Project("{FAE04EC0-301F-11D3-BF4B-00C04F79EFBC}") = "ValuesAndReferences", "ValuesAndReferences\ValuesAndReferences.csproj", "{C6E8B368-68F3-4804-BF79-3D253A4E527C}"
EndProject
Global
	GlobalSection(SolutionConfigurationPlatforms) = preSolution
		Debug|Any CPU = Debug|Any CPU
		Release|Any CPU = Release|Any CPU
	EndGlobalSection
	GlobalSection(SolutionProperties) = preSolution
		HideSolutionNode = FALSE
	EndGlobalSection
	GlobalSection(ProjectConfigurationPlatforms) = postSolution
		{75CEA40B-272E-4493-B064-58FFEDA9FE14}.Debug|Any CPU.ActiveCfg = Debug|Any CPU
		{75CEA40B-272E-4493-B064-58FFEDA9FE14}.Debug|Any CPU.Build.0 = Debug|Any CPU
		{75CEA40B-272E-4493-B064-58FFEDA9FE14}.Release|Any CPU.ActiveCfg = Release|Any CPU
		{75CEA40B-272E-4493-B064-58FFEDA9FE14}.Release|Any CPU.Build.0 = Release|Any CPU
		{049191A5-4201-4EB7-9479-1E31833DE17F}.Debug|Any CPU.ActiveCfg = Debug|Any CPU
		{049191A5-4201-4EB7-9479-1E31833DE17F}.Debug|Any CPU.Build.0 = Debug|Any CPU
		{049191A5-4201-4EB7-9479-1E31833DE17F}.Release|Any CPU.ActiveCfg = Release|Any CPU
		{049191A5-4201-4EB7-9479-1E31833DE17F}.Release|Any CPU.Build.0 = Release|Any CPU
		{C6E8B368-68F3-4804-BF79-3D253A4E527C}.Debug|Any CPU.ActiveCfg = Debug|Any CPU
		{C6E8B368-68F3-4804-BF79-3D253A4E527C}.Debug|Any CPU.Build.0 = Debug|Any CPU
		{C6E8B368-68F3-4804-BF79-3D253A4E527C}.Release|Any CPU.ActiveCfg = Release|Any CPU
		{C6E8B368-68F3-4804-BF79-3D253A4E527C}.Release|Any CPU.Build.0 = Release|Any CPU
	EndGlobalSection
EndGlobal
